Microsoft Visual Studio Solution File, Format Version 12.00
# Visual Studio Version 17
VisualStudioVersion = 17.0.31903.59
MinimumVisualStudioVersion = 10.0.40219.1
Project("{FAE04EC0-301F-11D3-BF4B-00C04F79EFBC}") = "Ananta.SDK", "Ananta.SDK\Ananta.SDK.csproj", "{D7C7A7B5-4F42-4F67-93BA-9EE72E1A8F11}"
EndProject
Project("{FAE04EC0-301F-11D3-BF4B-00C04F79EFBC}") = "Ananta.RpcTypes", "Ananta.Server\Ananta.RpcTypes\Ananta.RpcTypes.csproj", "{F951C2DE-0578-4148-99A9-E27E9578C9F0}"
EndProject
Project("{FAE04EC0-301F-11D3-BF4B-00C04F79EFBC}") = "Ananta.Core", "Ananta.Server\Ananta.Core\Ananta.Core.csproj", "{15DF17A2-E887-47BE-93F2-BD4C118B1B28}"
EndProject
Project("{FAE04EC0-301F-11D3-BF4B-00C04F79EFBC}") = "Ananta.Gameplay", "Ananta.Server\Ananta.Gameplay\Ananta.Gameplay.csproj", "{D3BA9583-0BDB-44E4-A6B9-3A950FAA248B}"
EndProject
Project("{FAE04EC0-301F-11D3-BF4B-00C04F79EFBC}") = "Ananta.Handlers", "Ananta.Server\Ananta.Handlers\Ananta.Handlers.csproj", "{471884B6-63C5-45D1-A94D-921193FFA2BF}"
EndProject
Project("{FAE04EC0-301F-11D3-BF4B-00C04F79EFBC}") = "Ananta.Network", "Ananta.Server\Ananta.Network\Ananta.Network.csproj", "{6AB8FEB1-9260-4CCF-8EA3-4A06308A805A}"
EndProject
Project("{FAE04EC0-301F-11D3-BF4B-00C04F79EFBC}") = "Ananta.App", "Ananta.Server\Ananta.App\Ananta.App.csproj", "{6052058C-7665-407B-B001-3228F36B00A2}"
EndProject
Global
  GlobalSection(SolutionConfigurationPlatforms) = preSolution
    Debug|Any CPU = Debug|Any CPU
    Release|Any CPU = Release|Any CPU
  EndGlobalSection
  GlobalSection(ProjectConfigurationPlatforms) = postSolution
    {D7C7A7B5-4F42-4F67-93BA-9EE72E1A8F11}.Debug|Any CPU.ActiveCfg = Debug|Any CPU
    {D7C7A7B5-4F42-4F67-93BA-9EE72E1A8F11}.Debug|Any CPU.Build.0 = Debug|Any CPU
    {D7C7A7B5-4F42-4F67-93BA-9EE72E1A8F11}.Release|Any CPU.ActiveCfg = Release|Any CPU
    {D7C7A7B5-4F42-4F67-93BA-9EE72E1A8F11}.Release|Any CPU.Build.0 = Release|Any CPU
    {F951C2DE-0578-4148-99A9-E27E9578C9F0}.Debug|Any CPU.ActiveCfg = Debug|Any CPU
    {F951C2DE-0578-4148-99A9-E27E9578C9F0}.Debug|Any CPU.Build.0 = Debug|Any CPU
    {F951C2DE-0578-4148-99A9-E27E9578C9F0}.Release|Any CPU.ActiveCfg = Release|Any CPU
    {F951C2DE-0578-4148-99A9-E27E9578C9F0}.Release|Any CPU.Build.0 = Release|Any CPU
    {15DF17A2-E887-47BE-93F2-BD4C118B1B28}.Debug|Any CPU.ActiveCfg = Debug|Any CPU
    {15DF17A2-E887-47BE-93F2-BD4C118B1B28}.Debug|Any CPU.Build.0 = Debug|Any CPU
    {15DF17A2-E887-47BE-93F2-BD4C118B1B28}.Release|Any CPU.ActiveCfg = Release|Any CPU
    {15DF17A2-E887-47BE-93F2-BD4C118B1B28}.Release|Any CPU.Build.0 = Release|Any CPU
    {D3BA9583-0BDB-44E4-A6B9-3A950FAA248B}.Debug|Any CPU.ActiveCfg = Debug|Any CPU
    {D3BA9583-0BDB-44E4-A6B9-3A950FAA248B}.Debug|Any CPU.Build.0 = Debug|Any CPU
    {D3BA9583-0BDB-44E4-A6B9-3A950FAA248B}.Release|Any CPU.ActiveCfg = Release|Any CPU
    {D3BA9583-0BDB-44E4-A6B9-3A950FAA248B}.Release|Any CPU.Build.0 = Release|Any CPU
    {471884B6-63C5-45D1-A94D-921193FFA2BF}.Debug|Any CPU.ActiveCfg = Debug|Any CPU
    {471884B6-63C5-45D1-A94D-921193FFA2BF}.Debug|Any CPU.Build.0 = Debug|Any CPU
    {471884B6-63C5-45D1-A94D-921193FFA2BF}.Release|Any CPU.ActiveCfg = Release|Any CPU
    {471884B6-63C5-45D1-A94D-921193FFA2BF}.Release|Any CPU.Build.0 = Release|Any CPU
    {6AB8FEB1-9260-4CCF-8EA3-4A06308A805A}.Debug|Any CPU.ActiveCfg = Debug|Any CPU
    {6AB8FEB1-9260-4CCF-8EA3-4A06308A805A}.Debug|Any CPU.Build.0 = Debug|Any CPU
    {6AB8FEB1-9260-4CCF-8EA3-4A06308A805A}.Release|Any CPU.ActiveCfg = Release|Any CPU
    {6AB8FEB1-9260-4CCF-8EA3-4A06308A805A}.Release|Any CPU.Build.0 = Release|Any CPU
    {6052058C-7665-407B-B001-3228F36B00A2}.Debug|Any CPU.ActiveCfg = Debug|Any CPU
    {6052058C-7665-407B-B001-3228F36B00A2}.Debug|Any CPU.Build.0 = Debug|Any CPU
    {6052058C-7665-407B-B001-3228F36B00A2}.Release|Any CPU.ActiveCfg = Release|Any CPU
    {6052058C-7665-407B-B001-3228F36B00A2}.Release|Any CPU.Build.0 = Release|Any CPU
  EndGlobalSection
EndGlobal
